// !$*UTF8*$!
{
	archiveVersion = 1;
	classes = {
	};
	objectVersion = 56;
	objects = {

/* Begin PBXBuildFile section */
		292736932BD6EEB300A19C41 /* AppDelegate.swift in Sources */ = {isa = PBXBuildFile; fileRef = 292736922BD6EEB300A19C41 /* AppDelegate.swift */; };
		292736952BD6EEB300A19C41 /* SceneDelegate.swift in Sources */ = {isa = PBXBuildFile; fileRef = 292736942BD6EEB300A19C41 /* SceneDelegate.swift */; };
		292736972BD6EEB300A19C41 /* ViewController.swift in Sources */ = {isa = PBXBuildFile; fileRef = 292736962BD6EEB300A19C41 /* ViewController.swift */; };
		2927369A2BD6EEB300A19C41 /* Base in Resources */ = {isa = PBXBuildFile; fileRef = 292736992BD6EEB300A19C41 /* Base */; };
		2927369C2BD6EEB500A19C41 /* Assets.xcassets in Resources */ = {isa = PBXBuildFile; fileRef = 2927369B2BD6EEB500A19C41 /* Assets.xcassets */; };
		2927369F2BD6EEB500A19C41 /* Base in Resources */ = {isa = PBXBuildFile; fileRef = 2927369E2BD6EEB500A19C41 /* Base */; };
		296130DC2BDAA9BE00CEBED2 /* TinkoffCalculatorUITests.swift in Sources */ = {isa = PBXBuildFile; fileRef = 296130DB2BDAA9BE00CEBED2 /* TinkoffCalculatorUITests.swift */; };
		296130DE2BDAA9BE00CEBED2 /* TinkoffCalculatorUITestsLaunchTests.swift in Sources */ = {isa = PBXBuildFile; fileRef = 296130DD2BDAA9BE00CEBED2 /* TinkoffCalculatorUITestsLaunchTests.swift */; };
		296130EB2BDAACAA00CEBED2 /* TinkoffCalculatorTests.swift in Sources */ = {isa = PBXBuildFile; fileRef = 296130EA2BDAACAA00CEBED2 /* TinkoffCalculatorTests.swift */; };
		299C039E2BDD1512000C0C53 /* ViewController.swift in Sources */ = {isa = PBXBuildFile; fileRef = 292736962BD6EEB300A19C41 /* ViewController.swift */; };
		299C039F2BDD1514000C0C53 /* ViewController.swift in Sources */ = {isa = PBXBuildFile; fileRef = 292736962BD6EEB300A19C41 /* ViewController.swift */; };
		29B1DCB92BD7A35700D2C5C8 /* Main.storyboard in Resources */ = {isa = PBXBuildFile; fileRef = 292736982BD6EEB300A19C41 /* Main.storyboard */; };
		29B360BB2BE537C1004F3DD8 /* CalculationsListViewController.swift in Sources */ = {isa = PBXBuildFile; fileRef = 29B360BA2BE537C1004F3DD8 /* CalculationsListViewController.swift */; };
		29DE19402C00AB290096E88C /* HistoryTableViewCell.swift in Sources */ = {isa = PBXBuildFile; fileRef = 29DE193F2C00AB290096E88C /* HistoryTableViewCell.swift */; };
		29DE19422C00B3BF0096E88C /* HistoryTableViewCell.xib in Resources */ = {isa = PBXBuildFile; fileRef = 29DE19412C00B3BF0096E88C /* HistoryTableViewCell.xib */; };
/* End PBXBuildFile section */

/* Begin PBXContainerItemProxy section */
		296130DF2BDAA9BE00CEBED2 /* PBXContainerItemProxy */ = {
			isa = PBXContainerItemProxy;
			containerPortal = 292736872BD6EEB300A19C41 /* Project object */;
			proxyType = 1;
			remoteGlobalIDString = 2927368E2BD6EEB300A19C41;
			remoteInfo = TinkoffCalculator;
		};
		296130EC2BDAACAA00CEBED2 /* PBXContainerItemProxy */ = {
			isa = PBXContainerItemProxy;
			containerPortal = 292736872BD6EEB300A19C41 /* Project object */;
			proxyType = 1;
			remoteGlobalIDString = 2927368E2BD6EEB300A19C41;
			remoteInfo = TinkoffCalculator;
		};
/* End PBXContainerItemProxy section */

/* Begin PBXFileReference section */
		2927368F2BD6EEB300A19C41 /* TinkoffCalculator.app */ = {isa = PBXFileReference; explicitFileType = wrapper.application; includeInIndex = 0; path = TinkoffCalculator.app; sourceTree = BUILT_PRODUCTS_DIR; };
		292736922BD6EEB300A19C41 /* AppDelegate.swift */ = {isa = PBXFileReference; lastKnownFileType = sourcecode.swift; path = AppDelegate.swift; sourceTree = "<group>"; };
		292736942BD6EEB300A19C41 /* SceneDelegate.swift */ = {isa = PBXFileReference; lastKnownFileType = sourcecode.swift; path = SceneDelegate.swift; sourceTree = "<group>"; };
		292736962BD6EEB300A19C41 /* ViewController.swift */ = {isa = PBXFileReference; lastKnownFileType = sourcecode.swift; path = ViewController.swift; sourceTree = "<group>"; };
		292736992BD6EEB300A19C41 /* Base */ = {isa = PBXFileReference; lastKnownFileType = file.storyboard; name = Base; path = Base.lproj/Main.storyboard; sourceTree = "<group>"; };
		2927369B2BD6EEB500A19C41 /* Assets.xcassets */ = {isa = PBXFileReference; lastKnownFileType = folder.assetcatalog; path = Assets.xcassets; sourceTree = "<group>"; };
		2927369E2BD6EEB500A19C41 /* Base */ = {isa = PBXFileReference; lastKnownFileType = file.storyboard; name = Base; path = Base.lproj/LaunchScreen.storyboard; sourceTree = "<group>"; };
		292736A02BD6EEB500A19C41 /* Info.plist */ = {isa = PBXFileReference; lastKnownFileType = text.plist.xml; path = Info.plist; sourceTree = "<group>"; };
		296130D92BDAA9BE00CEBED2 /* TinkoffCalculatorUITests.xctest */ = {isa = PBXFileReference; explicitFileType = wrapper.cfbundle; includeInIndex = 0; path = TinkoffCalculatorUITests.xctest; sourceTree = BUILT_PRODUCTS_DIR; };
		296130DB2BDAA9BE00CEBED2 /* TinkoffCalculatorUITests.swift */ = {isa = PBXFileReference; lastKnownFileType = sourcecode.swift; path = TinkoffCalculatorUITests.swift; sourceTree = "<group>"; };
		296130DD2BDAA9BE00CEBED2 /* TinkoffCalculatorUITestsLaunchTests.swift */ = {isa = PBXFileReference; lastKnownFileType = sourcecode.swift; path = TinkoffCalculatorUITestsLaunchTests.swift; sourceTree = "<group>"; };
		296130E82BDAACAA00CEBED2 /* TinkoffCalculatorTests.xctest */ = {isa = PBXFileReference; explicitFileType = wrapper.cfbundle; includeInIndex = 0; path = TinkoffCalculatorTests.xctest; sourceTree = BUILT_PRODUCTS_DIR; };
		296130EA2BDAACAA00CEBED2 /* TinkoffCalculatorTests.swift */ = {isa = PBXFileReference; lastKnownFileType = sourcecode.swift; path = TinkoffCalculatorTests.swift; sourceTree = "<group>"; };
		29B360BA2BE537C1004F3DD8 /* CalculationsListViewController.swift */ = {isa = PBXFileReference; lastKnownFileType = sourcecode.swift; path = CalculationsListViewController.swift; sourceTree = "<group>"; };
		29DE193F2C00AB290096E88C /* HistoryTableViewCell.swift */ = {isa = PBXFileReference; lastKnownFileType = sourcecode.swift; path = HistoryTableViewCell.swift; sourceTree = "<group>"; };
		29DE19412C00B3BF0096E88C /* HistoryTableViewCell.xib */ = {isa = PBXFileReference; lastKnownFileType = file.xib; path = HistoryTableViewCell.xib; sourceTree = "<group>"; };
/* End PBXFileReference section */

/* Begin PBXFrameworksBuildPhase section */
		2927368C2BD6EEB300A19C41 /* Frameworks */ = {
			isa = PBXFrameworksBuildPhase;
			buildActionMask = 2147483647;
			files = (
			);
			runOnlyForDeploymentPostprocessing = 0;
		};
		296130D62BDAA9BE00CEBED2 /* Frameworks */ = {
			isa = PBXFrameworksBuildPhase;
			buildActionMask = 2147483647;
			files = (
			);
			runOnlyForDeploymentPostprocessing = 0;
		};
		296130E52BDAACAA00CEBED2 /* Frameworks */ = {
			isa = PBXFrameworksBuildPhase;
			buildActionMask = 2147483647;
			files = (
			);
			runOnlyForDeploymentPostprocessing = 0;
		};
/* End PBXFrameworksBuildPhase section */

/* Begin PBXGroup section */
		291FF7602C00AA87006E634B /* History */ = {
			isa = PBXGroup;
			children = (
				29B360BA2BE537C1004F3DD8 /* CalculationsListViewController.swift */,
				29DE193F2C00AB290096E88C /* HistoryTableViewCell.swift */,
				29DE19412C00B3BF0096E88C /* HistoryTableViewCell.xib */,
			);
			path = History;
			sourceTree = "<group>";
		};
		292736862BD6EEB300A19C41 = {
			isa = PBXGroup;
			children = (
				292736912BD6EEB300A19C41 /* TinkoffCalculator */,
				292736902BD6EEB300A19C41 /* Products */,
			);
			sourceTree = "<group>";
		};
		292736902BD6EEB300A19C41 /* Products */ = {
			isa = PBXGroup;
			children = (
				2927368F2BD6EEB300A19C41 /* TinkoffCalculator.app */,
				296130D92BDAA9BE00CEBED2 /* TinkoffCalculatorUITests.xctest */,
				296130E82BDAACAA00CEBED2 /* TinkoffCalculatorTests.xctest */,
			);
			name = Products;
			sourceTree = "<group>";
		};
		292736912BD6EEB300A19C41 /* TinkoffCalculator */ = {
			isa = PBXGroup;
			children = (
				291FF7602C00AA87006E634B /* History */,
				292736922BD6EEB300A19C41 /* AppDelegate.swift */,
				292736942BD6EEB300A19C41 /* SceneDelegate.swift */,
				292736962BD6EEB300A19C41 /* ViewController.swift */,
				292736982BD6EEB300A19C41 /* Main.storyboard */,
				2927369B2BD6EEB500A19C41 /* Assets.xcassets */,
				2927369D2BD6EEB500A19C41 /* LaunchScreen.storyboard */,
				292736A02BD6EEB500A19C41 /* Info.plist */,
				296130E92BDAACAA00CEBED2 /* TinkoffCalculatorTests */,
				296130DA2BDAA9BE00CEBED2 /* TinkoffCalculatorUITests */,
			);
			path = TinkoffCalculator;
			sourceTree = "<group>";
		};
		296130DA2BDAA9BE00CEBED2 /* TinkoffCalculatorUITests */ = {
			isa = PBXGroup;
			children = (
				296130DB2BDAA9BE00CEBED2 /* TinkoffCalculatorUITests.swift */,
				296130DD2BDAA9BE00CEBED2 /* TinkoffCalculatorUITestsLaunchTests.swift */,
			);
			path = TinkoffCalculatorUITests;
			sourceTree = "<group>";
		};
		296130E92BDAACAA00CEBED2 /* TinkoffCalculatorTests */ = {
			isa = PBXGroup;
			children = (
				296130EA2BDAACAA00CEBED2 /* TinkoffCalculatorTests.swift */,
			);
			path = TinkoffCalculatorTests;
			sourceTree = "<group>";
		};
/* End PBXGroup section */

/* Begin PBXNativeTarget section */
		2927368E2BD6EEB300A19C41 /* TinkoffCalculator */ = {
			isa = PBXNativeTarget;
			buildConfigurationList = 292736A32BD6EEB500A19C41 /* Build configuration list for PBXNativeTarget "TinkoffCalculator" */;
			buildPhases = (
				2927368B2BD6EEB300A19C41 /* Sources */,
				2927368C2BD6EEB300A19C41 /* Frameworks */,
				2927368D2BD6EEB300A19C41 /* Resources */,
			);
			buildRules = (
			);
			dependencies = (
			);
			name = TinkoffCalculator;
			productName = TinkoffCalculator;
			productReference = 2927368F2BD6EEB300A19C41 /* TinkoffCalculator.app */;
			productType = "com.apple.product-type.application";
		};
		296130D82BDAA9BE00CEBED2 /* TinkoffCalculatorUITests */ = {
			isa = PBXNativeTarget;
			buildConfigurationList = 296130E12BDAA9BE00CEBED2 /* Build configuration list for PBXNativeTarget "TinkoffCalculatorUITests" */;
			buildPhases = (
				296130D52BDAA9BE00CEBED2 /* Sources */,
				296130D62BDAA9BE00CEBED2 /* Frameworks */,
				296130D72BDAA9BE00CEBED2 /* Resources */,
			);
			buildRules = (
			);
			dependencies = (
				296130E02BDAA9BE00CEBED2 /* PBXTargetDependency */,
			);
			name = TinkoffCalculatorUITests;
			productName = TinkoffCalculatorUITests;
			productReference = 296130D92BDAA9BE00CEBED2 /* TinkoffCalculatorUITests.xctest */;
			productType = "com.apple.product-type.bundle.ui-testing";
		};
		296130E72BDAACAA00CEBED2 /* TinkoffCalculatorTests */ = {
			isa = PBXNativeTarget;
			buildConfigurationList = 296130EE2BDAACAA00CEBED2 /* Build configuration list for PBXNativeTarget "TinkoffCalculatorTests" */;
			buildPhases = (
				296130E42BDAACAA00CEBED2 /* Sources */,
				296130E52BDAACAA00CEBED2 /* Frameworks */,
				296130E62BDAACAA00CEBED2 /* Resources */,
			);
			buildRules = (
			);
			dependencies = (
				296130ED2BDAACAA00CEBED2 /* PBXTargetDependency */,
			);
			name = TinkoffCalculatorTests;
			productName = TinkoffCalculatorTests;
			productReference = 296130E82BDAACAA00CEBED2 /* TinkoffCalculatorTests.xctest */;
			productType = "com.apple.product-type.bundle.unit-test";
		};
/* End PBXNativeTarget section */

/* Begin PBXProject section */
		292736872BD6EEB300A19C41 /* Project object */ = {
			isa = PBXProject;
			attributes = {
				BuildIndependentTargetsInParallel = 1;
				LastSwiftUpdateCheck = 1530;
				LastUpgradeCheck = 1530;
				TargetAttributes = {
					2927368E2BD6EEB300A19C41 = {
						CreatedOnToolsVersion = 15.3;
					};
					296130D82BDAA9BE00CEBED2 = {
						CreatedOnToolsVersion = 15.3;
						TestTargetID = 2927368E2BD6EEB300A19C41;
					};
					296130E72BDAACAA00CEBED2 = {
						CreatedOnToolsVersion = 15.3;
						TestTargetID = 2927368E2BD6EEB300A19C41;
					};
				};
			};
			buildConfigurationList = 2927368A2BD6EEB300A19C41 /* Build configuration list for PBXProject "TinkoffCalculator" */;
			compatibilityVersion = "Xcode 14.0";
			developmentRegion = en;
			hasScannedForEncodings = 0;
			knownRegions = (
				en,
				Base,
			);
			mainGroup = 292736862BD6EEB300A19C41;
			productRefGroup = 292736902BD6EEB300A19C41 /* Products */;
			projectDirPath = "";
			projectRoot = "";
			targets = (
				2927368E2BD6EEB300A19C41 /* TinkoffCalculator */,
				296130D82BDAA9BE00CEBED2 /* TinkoffCalculatorUITests */,
				296130E72BDAACAA00CEBED2 /* TinkoffCalculatorTests */,
			);
		};
/* End PBXProject section */

/* Begin PBXResourcesBuildPhase section */
		2927368D2BD6EEB300A19C41 /* Resources */ = {
			isa = PBXResourcesBuildPhase;
			buildActionMask = 2147483647;
			files = (
				2927369C2BD6EEB500A19C41 /* Assets.xcassets in Resources */,
				2927369F2BD6EEB500A19C41 /* Base in Resources */,
				29DE19422C00B3BF0096E88C /* HistoryTableViewCell.xib in Resources */,
				2927369A2BD6EEB300A19C41 /* Base in Resources */,
				29B1DCB92BD7A35700D2C5C8 /* Main.storyboard in Resources */,
			);
			runOnlyForDeploymentPostprocessing = 0;
		};
		296130D72BDAA9BE00CEBED2 /* Resources */ = {
			isa = PBXResourcesBuildPhase;
			buildActionMask = 2147483647;
			files = (
			);
			runOnlyForDeploymentPostprocessing = 0;
		};
		296130E62BDAACAA00CEBED2 /* Resources */ = {
			isa = PBXResourcesBuildPhase;
			buildActionMask = 2147483647;
			files = (
			);
			runOnlyForDeploymentPostprocessing = 0;
		};
/* End PBXResourcesBuildPhase section */

/* Begin PBXSourcesBuildPhase section */
		2927368B2BD6EEB300A19C41 /* Sources */ = {
			isa = PBXSourcesBuildPhase;
			buildActionMask = 2147483647;
			files = (
				29B360BB2BE537C1004F3DD8 /* CalculationsListViewController.swift in Sources */,
				292736972BD6EEB300A19C41 /* ViewController.swift in Sources */,
				292736932BD6EEB300A19C41 /* AppDelegate.swift in Sources */,
				292736952BD6EEB300A19C41 /* SceneDelegate.swift in Sources */,
				29DE19402C00AB290096E88C /* HistoryTableViewCell.swift in Sources */,
			);
			runOnlyForDeploymentPostprocessing = 0;
		};
		296130D52BDAA9BE00CEBED2 /* Sources */ = {
			isa = PBXSourcesBuildPhase;
			buildActionMask = 2147483647;
			files = (
				299C039E2BDD1512000C0C53 /* ViewController.swift in Sources */,
				296130DE2BDAA9BE00CEBED2 /* TinkoffCalculatorUITestsLaunchTests.swift in Sources */,
				296130DC2BDAA9BE00CEBED2 /* TinkoffCalculatorUITests.swift in Sources */,
			);
			runOnlyForDeploymentPostprocessing = 0;
		};
		296130E42BDAACAA00CEBED2 /* Sources */ = {
			isa = PBXSourcesBuildPhase;
			buildActionMask = 2147483647;
			files = (
				299C039F2BDD1514000C0C53 /* ViewController.swift in Sources */,
				296130EB2BDAACAA00CEBED2 /* TinkoffCalculatorTests.swift in Sources */,
			);
			runOnlyForDeploymentPostprocessing = 0;
		};
/* End PBXSourcesBuildPhase section */

/* Begin PBXTargetDependency section */
		296130E02BDAA9BE00CEBED2 /* PBXTargetDependency */ = {
			isa = PBXTargetDependency;
			target = 2927368E2BD6EEB300A19C41 /* TinkoffCalculator */;
			targetProxy = 296130DF2BDAA9BE00CEBED2 /* PBXContainerItemProxy */;
		};
		296130ED2BDAACAA00CEBED2 /* PBXTargetDependency */ = {
			isa = PBXTargetDependency;
			target = 2927368E2BD6EEB300A19C41 /* TinkoffCalculator */;
			targetProxy = 296130EC2BDAACAA00CEBED2 /* PBXContainerItemProxy */;
		};
/* End PBXTargetDependency section */

/* Begin PBXVariantGroup section */
		292736982BD6EEB300A19C41 /* Main.storyboard */ = {
			isa = PBXVariantGroup;
			children = (
				292736992BD6EEB300A19C41 /* Base */,
			);
			name = Main.storyboard;
			sourceTree = "<group>";
		};
		2927369D2BD6EEB500A19C41 /* LaunchScreen.storyboard */ = {
			isa = PBXVariantGroup;
			children = (
				2927369E2BD6EEB500A19C41 /* Base */,
			);
			name = LaunchScreen.storyboard;
			sourceTree = "<group>";
		};
/* End PBXVariantGroup section */

/* Begin XCBuildConfiguration section */
		292736A12BD6EEB500A19C41 /* Debug */ = {
			isa = XCBuildConfiguration;
			buildSettings = {
				ALWAYS_SEARCH_USER_PATHS = NO;
				ASSETCATALOG_COMPILER_GENERATE_SWIFT_ASSET_SYMBOL_EXTENSIONS = YES;
				CLANG_ANALYZER_NONNULL = YES;
				CLANG_ANALYZER_NUMBER_OBJECT_CONVERSION = YES_AGGRESSIVE;
				CLANG_CXX_LANGUAGE_STANDARD = "gnu++20";
				CLANG_ENABLE_MODULES = YES;
				CLANG_ENABLE_OBJC_ARC = YES;
				CLANG_ENABLE_OBJC_WEAK = YES;
				CLANG_WARN_BLOCK_CAPTURE_AUTORELEASING = YES;
				CLANG_WARN_BOOL_CONVERSION = YES;
				CLANG_WARN_COMMA = YES;
				CLANG_WARN_CONSTANT_CONVERSION = YES;
				CLANG_WARN_DEPRECATED_OBJC_IMPLEMENTATIONS = YES;
				CLANG_WARN_DIRECT_OBJC_ISA_USAGE = YES_ERROR;
				CLANG_WARN_DOCUMENTATION_COMMENTS = YES;
				CLANG_WARN_EMPTY_BODY = YES;
				CLANG_WARN_ENUM_CONVERSION = YES;
				CLANG_WARN_INFINITE_RECURSION = YES;
				CLANG_WARN_INT_CONVERSION = YES;
				CLANG_WARN_NON_LITERAL_NULL_CONVERSION = YES;
				CLANG_WARN_OBJC_IMPLICIT_RETAIN_SELF = YES;
				CLANG_WARN_OBJC_LITERAL_CONVERSION = YES;
				CLANG_WARN_OBJC_ROOT_CLASS = YES_ERROR;
				CLANG_WARN_QUOTED_INCLUDE_IN_FRAMEWORK_HEADER = YES;
				CLANG_WARN_RANGE_LOOP_ANALYSIS = YES;
				CLANG_WARN_STRICT_PROTOTYPES = YES;
				CLANG_WARN_SUSPICIOUS_MOVE = YES;
				CLANG_WARN_UNGUARDED_AVAILABILITY = YES_AGGRESSIVE;
				CLANG_WARN_UNREACHABLE_CODE = YES;
				CLANG_WARN__DUPLICATE_METHOD_MATCH = YES;
				COPY_PHASE_STRIP = NO;
				DEBUG_INFORMATION_FORMAT = dwarf;
				ENABLE_STRICT_OBJC_MSGSEND = YES;
				ENABLE_TESTABILITY = YES;
				ENABLE_USER_SCRIPT_SANDBOXING = YES;
				GCC_C_LANGUAGE_STANDARD = gnu17;
				GCC_DYNAMIC_NO_PIC = NO;
				GCC_NO_COMMON_BLOCKS = YES;
				GCC_OPTIMIZATION_LEVEL = 0;
				GCC_PREPROCESSOR_DEFINITIONS = (
					"DEBUG=1",
					"$(inherited)",
				);
				GCC_WARN_64_TO_32_BIT_CONVERSION = YES;
				GCC_WARN_ABOUT_RETURN_TYPE = YES_ERROR;
				GCC_WARN_UNDECLARED_SELECTOR = YES;
				GCC_WARN_UNINITIALIZED_AUTOS = YES_AGGRESSIVE;
				GCC_WARN_UNUSED_FUNCTION = YES;
				GCC_WARN_UNUSED_VARIABLE = YES;
				IPHONEOS_DEPLOYMENT_TARGET = 16.4;
				LOCALIZATION_PREFERS_STRING_CATALOGS = YES;
				MTL_ENABLE_DEBUG_INFO = INCLUDE_SOURCE;
				MTL_FAST_MATH = YES;
				ONLY_ACTIVE_ARCH = YES;
				SDKROOT = iphoneos;
				SWIFT_ACTIVE_COMPILATION_CONDITIONS = "DEBUG $(inherited)";
				SWIFT_OPTIMIZATION_LEVEL = "-Onone";
			};
			name = Debug;
		};
		292736A22BD6EEB500A19C41 /* Release */ = {
			isa = XCBuildConfiguration;
			buildSettings = {
				ALWAYS_SEARCH_USER_PATHS = NO;
				ASSETCATALOG_COMPILER_GENERATE_SWIFT_ASSET_SYMBOL_EXTENSIONS = YES;
				CLANG_ANALYZER_NONNULL = YES;
				CLANG_ANALYZER_NUMBER_OBJECT_CONVERSION = YES_AGGRESSIVE;
				CLANG_CXX_LANGUAGE_STANDARD = "gnu++20";
				CLANG_ENABLE_MODULES = YES;
				CLANG_ENABLE_OBJC_ARC = YES;
				CLANG_ENABLE_OBJC_WEAK = YES;
				CLANG_WARN_BLOCK_CAPTURE_AUTORELEASING = YES;
				CLANG_WARN_BOOL_CONVERSION = YES;
				CLANG_WARN_COMMA = YES;
				CLANG_WARN_CONSTANT_CONVERSION = YES;
				CLANG_WARN_DEPRECATED_OBJC_IMPLEMENTATIONS = YES;
				CLANG_WARN_DIRECT_OBJC_ISA_USAGE = YES_ERROR;
				CLANG_WARN_DOCUMENTATION_COMMENTS = YES;
				CLANG_WARN_EMPTY_BODY = YES;
				CLANG_WARN_ENUM_CONVERSION = YES;
				CLANG_WARN_INFINITE_RECURSION = YES;
				CLANG_WARN_INT_CONVERSION = YES;
				CLANG_WARN_NON_LITERAL_NULL_CONVERSION = YES;
				CLANG_WARN_OBJC_IMPLICIT_RETAIN_SELF = YES;
				CLANG_WARN_OBJC_LITERAL_CONVERSION = YES;
				CLANG_WARN_OBJC_ROOT_CLASS = YES_ERROR;
				CLANG_WARN_QUOTED_INCLUDE_IN_FRAMEWORK_HEADER = YES;
				CLANG_WARN_RANGE_LOOP_ANALYSIS = YES;
				CLANG_WARN_STRICT_PROTOTYPES = YES;
				CLANG_WARN_SUSPICIOUS_MOVE = YES;
				CLANG_WARN_UNGUARDED_AVAILABILITY = YES_AGGRESSIVE;
				CLANG_WARN_UNREACHABLE_CODE = YES;
				CLANG_WARN__DUPLICATE_METHOD_MATCH = YES;
				COPY_PHASE_STRIP = NO;
				DEBUG_INFORMATION_FORMAT = "dwarf-with-dsym";
				ENABLE_NS_ASSERTIONS = NO;
				ENABLE_STRICT_OBJC_MSGSEND = YES;
				ENABLE_USER_SCRIPT_SANDBOXING = YES;
				GCC_C_LANGUAGE_STANDARD = gnu17;
				GCC_NO_COMMON_BLOCKS = YES;
				GCC_WARN_64_TO_32_BIT_CONVERSION = YES;
				GCC_WARN_ABOUT_RETURN_TYPE = YES_ERROR;
				GCC_WARN_UNDECLARED_SELECTOR = YES;
				GCC_WARN_UNINITIALIZED_AUTOS = YES_AGGRESSIVE;
				GCC_WARN_UNUSED_FUNCTION = YES;
				GCC_WARN_UNUSED_VARIABLE = YES;
				IPHONEOS_DEPLOYMENT_TARGET = 16.4;
				LOCALIZATION_PREFERS_STRING_CATALOGS = YES;
				MTL_ENABLE_DEBUG_INFO = NO;
				MTL_FAST_MATH = YES;
				SDKROOT = iphoneos;
				SWIFT_COMPILATION_MODE = wholemodule;
				VALIDATE_PRODUCT = YES;
			};
			name = Release;
		};
		292736A42BD6EEB500A19C41 /* Debug */ = {
			isa = XCBuildConfiguration;
			buildSettings = {
				ASSETCATALOG_COMPILER_APPICON_NAME = AppIcon;
				ASSETCATALOG_COMPILER_GLOBAL_ACCENT_COLOR_NAME = AccentColor;
				CODE_SIGN_STYLE = Automatic;
				CURRENT_PROJECT_VERSION = 1;
				GENERATE_INFOPLIST_FILE = YES;
				INFOPLIST_FILE = TinkoffCalculator/Info.plist;
				INFOPLIST_KEY_UIApplicationSupportsIndirectInputEvents = YES;
				INFOPLIST_KEY_UILaunchStoryboardName = LaunchScreen;
				INFOPLIST_KEY_UIMainStoryboardFile = Main;
				INFOPLIST_KEY_UISupportedInterfaceOrientations_iPad = "UIInterfaceOrientationPortrait UIInterfaceOrientationPortraitUpsideDown UIInterfaceOrientationLandscapeLeft UIInterfaceOrientationLandscapeRight";
				INFOPLIST_KEY_UISupportedInterfaceOrientations_iPhone = "UIInterfaceOrientationPortrait UIInterfaceOrientationLandscapeLeft UIInterfaceOrientationLandscapeRight";
				IPHONEOS_DEPLOYMENT_TARGET = 16.4;
				LD_RUNPATH_SEARCH_PATHS = (
					"$(inherited)",
					"@executable_path/Frameworks",
				);
				MARKETING_VERSION = 1.0;
				PRODUCT_BUNDLE_IDENTIFIER = com.romank.TinkoffCalculator;
				PRODUCT_NAME = "$(TARGET_NAME)";
				SWIFT_EMIT_LOC_STRINGS = YES;
				SWIFT_VERSION = 5.0;
				TARGETED_DEVICE_FAMILY = "1,2";
			};
			name = Debug;
		};
		292736A52BD6EEB500A19C41 /* Release */ = {
			isa = XCBuildConfiguration;
			buildSettings = {
				ASSETCATALOG_COMPILER_APPICON_NAME = AppIcon;
				ASSETCATALOG_COMPILER_GLOBAL_ACCENT_COLOR_NAME = AccentColor;
				CODE_SIGN_STYLE = Automatic;
				CURRENT_PROJECT_VERSION = 1;
				GENERATE_INFOPLIST_FILE = YES;
				INFOPLIST_FILE = TinkoffCalculator/Info.plist;
				INFOPLIST_KEY_UIApplicationSupportsIndirectInputEvents = YES;
				INFOPLIST_KEY_UILaunchStoryboardName = LaunchScreen;
				INFOPLIST_KEY_UIMainStoryboardFile = Main;
				INFOPLIST_KEY_UISupportedInterfaceOrientations_iPad = "UIInterfaceOrientationPortrait UIInterfaceOrientationPortraitUpsideDown UIInterfaceOrientationLandscapeLeft UIInterfaceOrientationLandscapeRight";
				INFOPLIST_KEY_UISupportedInterfaceOrientations_iPhone = "UIInterfaceOrientationPortrait UIInterfaceOrientationLandscapeLeft UIInterfaceOrientationLandscapeRight";
				IPHONEOS_DEPLOYMENT_TARGET = 16.4;
				LD_RUNPATH_SEARCH_PATHS = (
					"$(inherited)",
					"@executable_path/Frameworks",
				);
				MARKETING_VERSION = 1.0;
				PRODUCT_BUNDLE_IDENTIFIER = com.romank.TinkoffCalculator;
				PRODUCT_NAME = "$(TARGET_NAME)";
				SWIFT_EMIT_LOC_STRINGS = YES;
				SWIFT_VERSION = 5.0;
				TARGETED_DEVICE_FAMILY = "1,2";
			};
			name = Release;
		};
		296130E22BDAA9BE00CEBED2 /* Debug */ = {
			isa = XCBuildConfiguration;
			buildSettings = {
				CODE_SIGN_STYLE = Automatic;
				CURRENT_PROJECT_VERSION = 1;
				GENERATE_INFOPLIST_FILE = YES;
				IPHONEOS_DEPLOYMENT_TARGET = 17.4;
				MARKETING_VERSION = 1.0;
				PRODUCT_BUNDLE_IDENTIFIER = com.romank.TinkoffCalculatorUITests;
				PRODUCT_NAME = "$(TARGET_NAME)";
				SWIFT_EMIT_LOC_STRINGS = NO;
				SWIFT_VERSION = 5.0;
				TARGETED_DEVICE_FAMILY = "1,2";
				TEST_TARGET_NAME = TinkoffCalculator;
			};
			name = Debug;
		};
		296130E32BDAA9BE00CEBED2 /* Release */ = {
			isa = XCBuildConfiguration;
			buildSettings = {
				CODE_SIGN_STYLE = Automatic;
				CURRENT_PROJECT_VERSION = 1;
				GENERATE_INFOPLIST_FILE = YES;
				IPHONEOS_DEPLOYMENT_TARGET = 17.4;
				MARKETING_VERSION = 1.0;
				PRODUCT_BUNDLE_IDENTIFIER = com.romank.TinkoffCalculatorUITests;
				PRODUCT_NAME = "$(TARGET_NAME)";
				SWIFT_EMIT_LOC_STRINGS = NO;
				SWIFT_VERSION = 5.0;
				TARGETED_DEVICE_FAMILY = "1,2";
				TEST_TARGET_NAME = TinkoffCalculator;
			};
			name = Release;
		};
		296130EF2BDAACAA00CEBED2 /* Debug */ = {
			isa = XCBuildConfiguration;
			buildSettings = {
				BUNDLE_LOADER = "$(TEST_HOST)";
				CODE_SIGN_STYLE = Automatic;
				CURRENT_PROJECT_VERSION = 1;
				GENERATE_INFOPLIST_FILE = YES;
				IPHONEOS_DEPLOYMENT_TARGET = 17.4;
				MARKETING_VERSION = 1.0;
				PRODUCT_BUNDLE_IDENTIFIER = com.romank.TinkoffCalculatorTests;
				PRODUCT_NAME = "$(TARGET_NAME)";
				SWIFT_EMIT_LOC_STRINGS = NO;
				SWIFT_VERSION = 5.0;
				TARGETED_DEVICE_FAMILY = "1,2";
				TEST_HOST = "$(BUILT_PRODUCTS_DIR)/TinkoffCalculator.app/$(BUNDLE_EXECUTABLE_FOLDER_PATH)/TinkoffCalculator";
			};
			name = Debug;
		};
		296130F02BDAACAA00CEBED2 /* Release */ = {
			isa = XCBuildConfiguration;
			buildSettings = {
				BUNDLE_LOADER = "$(TEST_HOST)";
				CODE_SIGN_STYLE = Automatic;
				CURRENT_PROJECT_VERSION = 1;
				GENERATE_INFOPLIST_FILE = YES;
				IPHONEOS_DEPLOYMENT_TARGET = 17.4;
				MARKETING_VERSION = 1.0;
				PRODUCT_BUNDLE_IDENTIFIER = com.romank.TinkoffCalculatorTests;
				PRODUCT_NAME = "$(TARGET_NAME)";
				SWIFT_EMIT_LOC_STRINGS = NO;
				SWIFT_VERSION = 5.0;
				TARGETED_DEVICE_FAMILY = "1,2";
				TEST_HOST = "$(BUILT_PRODUCTS_DIR)/TinkoffCalculator.app/$(BUNDLE_EXECUTABLE_FOLDER_PATH)/TinkoffCalculator";
			};
			name = Release;
		};
/* End XCBuildConfiguration section */

/* Begin XCConfigurationList section */
		2927368A2BD6EEB300A19C41 /* Build configuration list for PBXProject "TinkoffCalculator" */ = {
			isa = XCConfigurationList;
			buildConfigurations = (
				292736A12BD6EEB500A19C41 /* Debug */,
				292736A22BD6EEB500A19C41 /* Release */,
			);
			defaultConfigurationIsVisible = 0;
			defaultConfigurationName = Release;
		};
		292736A32BD6EEB500A19C41 /* Build configuration list for PBXNativeTarget "TinkoffCalculator" */ = {
			isa = XCConfigurationList;
			buildConfigurations = (
				292736A42BD6EEB500A19C41 /* Debug */,
				292736A52BD6EEB500A19C41 /* Release */,
			);
			defaultConfigurationIsVisible = 0;
			defaultConfigurationName = Release;
		};
		296130E12BDAA9BE00CEBED2 /* Build configuration list for PBXNativeTarget "TinkoffCalculatorUITests" */ = {
			isa = XCConfigurationList;
			buildConfigurations = (
				296130E22BDAA9BE00CEBED2 /* Debug */,
				296130E32BDAA9BE00CEBED2 /* Release */,
			);
			defaultConfigurationIsVisible = 0;
			defaultConfigurationName = Release;
		};
		296130EE2BDAACAA00CEBED2 /* Build configuration list for PBXNativeTarget "TinkoffCalculatorTests" */ = {
			isa = XCConfigurationList;
			buildConfigurations = (
				296130EF2BDAACAA00CEBED2 /* Debug */,
				296130F02BDAACAA00CEBED2 /* Release */,
			);
			defaultConfigurationIsVisible = 0;
			defaultConfigurationName = Release;
		};
/* End XCConfigurationList section */
	};
	rootObject = 292736872BD6EEB300A19C41 /* Project object */;
}
